<?xml version="1.0" encoding="utf-8"?>
<Project ToolsVersion="17.0" xmlns="http://schemas.microsoft.com/developer/msbuild/2003">
  <ItemGroup>
    <ClCompile Include="C:\Users\Joakim\source\repos\AtomTapeUtils\gzstream\gzstream.cpp">
      <Filter>Source Files</Filter>
    </ClCompile>
  </ItemGroup>
  <ItemGroup>
    <CustomBuild Include="C:\Users\Joakim\source\repos\AtomTapeUtils\gzstream\CMakeLists.txt" />
  </ItemGroup>
  <ItemGroup>
    <Filter Include="Source Files">
      <UniqueIdentifier>{7C50C3B6-4E0D-34C3-97A9-6F248A7DE374}</UniqueIdentifier>
    </Filter>
  </ItemGroup>
</Project>
