<?xml version="1.0" encoding="utf-8"?>
<Project ToolsVersion="17.0" xmlns="http://schemas.microsoft.com/developer/msbuild/2003">
  <ItemGroup>
    <CustomBuild Include="C:\Users\Joakim\source\repos\AtomTapeUtils\CMakeFiles\0ea7eb34e7210c1afb4215f22ff980df\PACKAGE_force.rule">
      <Filter>CMake Rules</Filter>
    </CustomBuild>
  </ItemGroup>
  <ItemGroup>
    <Filter Include="CMake Rules">
      <UniqueIdentifier>{CC1B4568-BBB1-35DB-B3E1-ED6A8B02D419}</UniqueIdentifier>
    </Filter>
  </ItemGroup>
</Project>
